
Microsoft Visual Studio Solution File, Format Version 12.00
# Visual Studio 15
VisualStudioVersion = 15.0.28307.1321
MinimumVisualStudioVersion = 10.0.40219.1
Project("{FAE04EC0-301F-11D3-BF4B-00C04F79EFBC}") = "PrismDemo", "PrismDemo\PrismDemo.csproj", "{2A501D51-74BF-4DBA-90C2-C027B6CC1D5F}"
EndProject
Project("{FAE04EC0-301F-11D3-BF4B-00C04F79EFBC}") = "ModuleA", "ModuleA\ModuleA.csproj", "{30C09955-5CD2-4F59-A959-1DEC9D050FDD}"
EndProject
Global
	GlobalSection(SolutionConfigurationPlatforms) = preSolution
		Debug|Any CPU = Debug|Any CPU
		Release|Any CPU = Release|Any CPU
	EndGlobalSection
	GlobalSection(ProjectConfigurationPlatforms) = postSolution
		{2A501D51-74BF-4DBA-90C2-C027B6CC1D5F}.Debug|Any CPU.ActiveCfg = Debug|Any CPU
		{2A501D51-74BF-4DBA-90C2-C027B6CC1D5F}.Debug|Any CPU.Build.0 = Debug|Any CPU
		{2A501D51-74BF-4DBA-90C2-C027B6CC1D5F}.Release|Any CPU.ActiveCfg = Release|Any CPU
		{2A501D51-74BF-4DBA-90C2-C027B6CC1D5F}.Release|Any CPU.Build.0 = Release|Any CPU
		{30C09955-5CD2-4F59-A959-1DEC9D050FDD}.Debug|Any CPU.ActiveCfg = Debug|Any CPU
		{30C09955-5CD2-4F59-A959-1DEC9D050FDD}.Debug|Any CPU.Build.0 = Debug|Any CPU
		{30C09955-5CD2-4F59-A959-1DEC9D050FDD}.Release|Any CPU.ActiveCfg = Release|Any CPU
		{30C09955-5CD2-4F59-A959-1DEC9D050FDD}.Release|Any CPU.Build.0 = Release|Any CPU
	EndGlobalSection
	GlobalSection(SolutionProperties) = preSolution
		HideSolutionNode = FALSE
	EndGlobalSection
	GlobalSection(ExtensibilityGlobals) = postSolution
		SolutionGuid = {7077CE96-3845-4290-B3E5-7DF161117D41}
	EndGlobalSection
EndGlobal
